{
    "requires": true,
    "lockfileVersion": 1,
    "dependencies": {
        "lottie-web": {
            "version": "5.1.16",
            "resolved": "https://registry.npmjs.org/lottie-web/-/lottie-web-5.1.16.tgz",
            "integrity": "sha512-lsHrOj2r9d1w8HokmtCQsHZmxS3sMtcLsnHPBKId6DPyURi2iZVIe6k8er9UKrZpHSVWSZ4Bsph0m14xS7U+7Q=="
        }
    }
}
